
Microsoft Visual Studio Solution File, Format Version 12.00
# Visual Studio Version 16
VisualStudioVersion = 16.0.31515.178
MinimumVisualStudioVersion = 10.0.40219.1
Project("{9A19103F-16F7-4668-BE54-9A1E7A4F7556}") = "Callouts", "Callouts.csproj", "{FCFC79BB-7A6D-4541-A351-A740A749D725}"
EndProject
Project("{2150E333-8FDC-42A3-9474-1A3956D46DE8}") = "Solution Items", "Solution Items", "{E5E2C1F9-0669-4F71-9594-544EE1C6D30B}"
	ProjectSection(SolutionItems) = preProject
		.editorconfig = .editorconfig
	EndProjectSection
EndProject
Global
	GlobalSection(SolutionConfigurationPlatforms) = preSolution
		Debug|Any CPU = Debug|Any CPU
		Release|Any CPU = Release|Any CPU
	EndGlobalSection
	GlobalSection(ProjectConfigurationPlatforms) = postSolution
		{FCFC79BB-7A6D-4541-A351-A740A749D725}.Debug|Any CPU.ActiveCfg = Debug|Any CPU
		{FCFC79BB-7A6D-4541-A351-A740A749D725}.Debug|Any CPU.Build.0 = Debug|Any CPU
		{FCFC79BB-7A6D-4541-A351-A740A749D725}.Release|Any CPU.ActiveCfg = Release|Any CPU
		{FCFC79BB-7A6D-4541-A351-A740A749D725}.Release|Any CPU.Build.0 = Release|Any CPU
	EndGlobalSection
	GlobalSection(SolutionProperties) = preSolution
		HideSolutionNode = FALSE
	EndGlobalSection
	GlobalSection(ExtensibilityGlobals) = postSolution
		SolutionGuid = {93D64BA2-3DB7-4B51-B326-AB0F79B65516}
	EndGlobalSection
EndGlobal
